
Microsoft Visual Studio Solution File, Format Version 12.00
# Visual Studio Version 16
VisualStudioVersion = 16.0.31112.23
MinimumVisualStudioVersion = 10.0.40219.1
Project("{FAE04EC0-301F-11D3-BF4B-00C04F79EFBC}") = "Hazi", "Hazi\Hazi.csproj", "{26042C5D-DF8B-46A6-A639-CF5C7CDFCA31}"
EndProject
Global
	GlobalSection(SolutionConfigurationPlatforms) = preSolution
		Debug|Any CPU = Debug|Any CPU
		Release|Any CPU = Release|Any CPU
	EndGlobalSection
	GlobalSection(ProjectConfigurationPlatforms) = postSolution
		{26042C5D-DF8B-46A6-A639-CF5C7CDFCA31}.Debug|Any CPU.ActiveCfg = Debug|Any CPU
		{26042C5D-DF8B-46A6-A639-CF5C7CDFCA31}.Debug|Any CPU.Build.0 = Debug|Any CPU
		{26042C5D-DF8B-46A6-A639-CF5C7CDFCA31}.Release|Any CPU.ActiveCfg = Release|Any CPU
		{26042C5D-DF8B-46A6-A639-CF5C7CDFCA31}.Release|Any CPU.Build.0 = Release|Any CPU
	EndGlobalSection
	GlobalSection(SolutionProperties) = preSolution
		HideSolutionNode = FALSE
	EndGlobalSection
	GlobalSection(ExtensibilityGlobals) = postSolution
		SolutionGuid = {725BB31F-8E70-42C3-94F1-E05693379AA1}
	EndGlobalSection
EndGlobal
